
Microsoft Visual Studio Solution File, Format Version 12.00
# Visual Studio 2012
Project("{FAE04EC0-301F-11D3-BF4B-00C04F79EFBC}") = "MaterialComponents", "src\MaterialComponents\MaterialComponents.csproj", "{F888B10B-1D2E-44F5-AAE9-3335566E67A7}"
EndProject
Project("{FAE04EC0-301F-11D3-BF4B-00C04F79EFBC}") = "ShrineRemoteImage", "samples\ShrineRemoteImage\ShrineRemoteImage.csproj", "{F06E20A4-BA44-4986-A8B3-E8529F025E5A}"
EndProject
Project("{FAE04EC0-301F-11D3-BF4B-00C04F79EFBC}") = "ShrineXamarin", "samples\Shrine\ShrineXamarin.csproj", "{05DED03B-94AD-46B9-9BC9-57FB73DE3E79}"
EndProject
Project("{FAE04EC0-301F-11D3-BF4B-00C04F79EFBC}") = "MDC-Tutorial", "samples\MDC-Tutorial\MDC-Tutorial.csproj", "{3AC64AE1-3149-4F53-A7A6-4CD760689AF3}"
EndProject
Project("{FAE04EC0-301F-11D3-BF4B-00C04F79EFBC}") = "Pesto", "samples\Pesto\Pesto.csproj", "{E98F86E6-DB5D-48AE-A6F1-B2919D89C87C}"
EndProject
Project("{2150E333-8FDC-42A3-9474-1A3956D46DE8}") = "Solution Items", "Solution Items", "{ACA7EEA9-F5BD-4CAF-A923-290C736E993B}"
	ProjectSection(SolutionItems) = preProject
		README.md = README.md
	EndProjectSection
EndProject
Global
	GlobalSection(SolutionConfigurationPlatforms) = preSolution
		Debug|Any CPU = Debug|Any CPU
		Release|Any CPU = Release|Any CPU
		Debug|iPhoneSimulator = Debug|iPhoneSimulator
		Release|iPhone = Release|iPhone
		Release|iPhoneSimulator = Release|iPhoneSimulator
		Debug|iPhone = Debug|iPhone
	EndGlobalSection
	GlobalSection(ProjectConfigurationPlatforms) = postSolution
		{F888B10B-1D2E-44F5-AAE9-3335566E67A7}.Debug|iPhoneSimulator.ActiveCfg = Debug|Any CPU
		{F888B10B-1D2E-44F5-AAE9-3335566E67A7}.Debug|iPhoneSimulator.Build.0 = Debug|Any CPU
		{F888B10B-1D2E-44F5-AAE9-3335566E67A7}.Release|iPhone.ActiveCfg = Release|Any CPU
		{F888B10B-1D2E-44F5-AAE9-3335566E67A7}.Release|iPhone.Build.0 = Release|Any CPU
		{F888B10B-1D2E-44F5-AAE9-3335566E67A7}.Release|iPhoneSimulator.ActiveCfg = Release|Any CPU
		{F888B10B-1D2E-44F5-AAE9-3335566E67A7}.Release|iPhoneSimulator.Build.0 = Release|Any CPU
		{F888B10B-1D2E-44F5-AAE9-3335566E67A7}.Debug|iPhone.ActiveCfg = Debug|Any CPU
		{F888B10B-1D2E-44F5-AAE9-3335566E67A7}.Debug|iPhone.Build.0 = Debug|Any CPU
		{F06E20A4-BA44-4986-A8B3-E8529F025E5A}.Debug|Any CPU.ActiveCfg = Debug|iPhoneSimulator
		{F06E20A4-BA44-4986-A8B3-E8529F025E5A}.Debug|Any CPU.Build.0 = Debug|iPhoneSimulator
		{F06E20A4-BA44-4986-A8B3-E8529F025E5A}.Release|Any CPU.ActiveCfg = Release|iPhone
		{F06E20A4-BA44-4986-A8B3-E8529F025E5A}.Release|Any CPU.Build.0 = Release|iPhone
		{F06E20A4-BA44-4986-A8B3-E8529F025E5A}.Debug|iPhoneSimulator.ActiveCfg = Debug|iPhoneSimulator
		{F06E20A4-BA44-4986-A8B3-E8529F025E5A}.Debug|iPhoneSimulator.Build.0 = Debug|iPhoneSimulator
		{F06E20A4-BA44-4986-A8B3-E8529F025E5A}.Release|iPhone.ActiveCfg = Release|iPhone
		{F06E20A4-BA44-4986-A8B3-E8529F025E5A}.Release|iPhone.Build.0 = Release|iPhone
		{F06E20A4-BA44-4986-A8B3-E8529F025E5A}.Release|iPhoneSimulator.ActiveCfg = Release|iPhoneSimulator
		{F06E20A4-BA44-4986-A8B3-E8529F025E5A}.Release|iPhoneSimulator.Build.0 = Release|iPhoneSimulator
		{F06E20A4-BA44-4986-A8B3-E8529F025E5A}.Debug|iPhone.ActiveCfg = Debug|iPhone
		{F06E20A4-BA44-4986-A8B3-E8529F025E5A}.Debug|iPhone.Build.0 = Debug|iPhone
		{05DED03B-94AD-46B9-9BC9-57FB73DE3E79}.Debug|Any CPU.ActiveCfg = Debug|iPhoneSimulator
		{05DED03B-94AD-46B9-9BC9-57FB73DE3E79}.Debug|Any CPU.Build.0 = Debug|iPhoneSimulator
		{05DED03B-94AD-46B9-9BC9-57FB73DE3E79}.Release|Any CPU.ActiveCfg = Release|iPhone
		{05DED03B-94AD-46B9-9BC9-57FB73DE3E79}.Release|Any CPU.Build.0 = Release|iPhone
		{05DED03B-94AD-46B9-9BC9-57FB73DE3E79}.Debug|iPhoneSimulator.ActiveCfg = Debug|iPhoneSimulator
		{05DED03B-94AD-46B9-9BC9-57FB73DE3E79}.Debug|iPhoneSimulator.Build.0 = Debug|iPhoneSimulator
		{05DED03B-94AD-46B9-9BC9-57FB73DE3E79}.Release|iPhone.ActiveCfg = Release|iPhone
		{05DED03B-94AD-46B9-9BC9-57FB73DE3E79}.Release|iPhone.Build.0 = Release|iPhone
		{05DED03B-94AD-46B9-9BC9-57FB73DE3E79}.Release|iPhoneSimulator.ActiveCfg = Release|iPhoneSimulator
		{05DED03B-94AD-46B9-9BC9-57FB73DE3E79}.Release|iPhoneSimulator.Build.0 = Release|iPhoneSimulator
		{05DED03B-94AD-46B9-9BC9-57FB73DE3E79}.Debug|iPhone.ActiveCfg = Debug|iPhone
		{05DED03B-94AD-46B9-9BC9-57FB73DE3E79}.Debug|iPhone.Build.0 = Debug|iPhone
		{3AC64AE1-3149-4F53-A7A6-4CD760689AF3}.Debug|Any CPU.ActiveCfg = Debug|iPhoneSimulator
		{3AC64AE1-3149-4F53-A7A6-4CD760689AF3}.Debug|Any CPU.Build.0 = Debug|iPhoneSimulator
		{3AC64AE1-3149-4F53-A7A6-4CD760689AF3}.Release|Any CPU.ActiveCfg = Release|iPhone
		{3AC64AE1-3149-4F53-A7A6-4CD760689AF3}.Release|Any CPU.Build.0 = Release|iPhone
		{3AC64AE1-3149-4F53-A7A6-4CD760689AF3}.Debug|iPhoneSimulator.ActiveCfg = Debug|iPhoneSimulator
		{3AC64AE1-3149-4F53-A7A6-4CD760689AF3}.Debug|iPhoneSimulator.Build.0 = Debug|iPhoneSimulator
		{3AC64AE1-3149-4F53-A7A6-4CD760689AF3}.Release|iPhone.ActiveCfg = Release|iPhone
		{3AC64AE1-3149-4F53-A7A6-4CD760689AF3}.Release|iPhone.Build.0 = Release|iPhone
		{3AC64AE1-3149-4F53-A7A6-4CD760689AF3}.Release|iPhoneSimulator.ActiveCfg = Release|iPhoneSimulator
		{3AC64AE1-3149-4F53-A7A6-4CD760689AF3}.Release|iPhoneSimulator.Build.0 = Release|iPhoneSimulator
		{3AC64AE1-3149-4F53-A7A6-4CD760689AF3}.Debug|iPhone.ActiveCfg = Debug|iPhone
		{3AC64AE1-3149-4F53-A7A6-4CD760689AF3}.Debug|iPhone.Build.0 = Debug|iPhone
		{E98F86E6-DB5D-48AE-A6F1-B2919D89C87C}.Debug|Any CPU.ActiveCfg = Debug|iPhoneSimulator
		{E98F86E6-DB5D-48AE-A6F1-B2919D89C87C}.Debug|Any CPU.Build.0 = Debug|iPhoneSimulator
		{E98F86E6-DB5D-48AE-A6F1-B2919D89C87C}.Release|Any CPU.ActiveCfg = Release|iPhone
		{E98F86E6-DB5D-48AE-A6F1-B2919D89C87C}.Release|Any CPU.Build.0 = Release|iPhone
		{E98F86E6-DB5D-48AE-A6F1-B2919D89C87C}.Debug|iPhoneSimulator.ActiveCfg = Debug|iPhoneSimulator
		{E98F86E6-DB5D-48AE-A6F1-B2919D89C87C}.Debug|iPhoneSimulator.Build.0 = Debug|iPhoneSimulator
		{E98F86E6-DB5D-48AE-A6F1-B2919D89C87C}.Release|iPhone.ActiveCfg = Release|iPhone
		{E98F86E6-DB5D-48AE-A6F1-B2919D89C87C}.Release|iPhone.Build.0 = Release|iPhone
		{E98F86E6-DB5D-48AE-A6F1-B2919D89C87C}.Release|iPhoneSimulator.ActiveCfg = Release|iPhoneSimulator
		{E98F86E6-DB5D-48AE-A6F1-B2919D89C87C}.Release|iPhoneSimulator.Build.0 = Release|iPhoneSimulator
		{E98F86E6-DB5D-48AE-A6F1-B2919D89C87C}.Debug|iPhone.ActiveCfg = Debug|iPhone
		{E98F86E6-DB5D-48AE-A6F1-B2919D89C87C}.Debug|iPhone.Build.0 = Debug|iPhone
	EndGlobalSection
	GlobalSection(MonoDevelopProperties) = preSolution
		version = 35.0.0
		Policies = $0
		$0.DotNetNamingPolicy = $1
		$1.DirectoryNamespaceAssociation = PrefixedHierarchical
		$0.VersionControlPolicy = $2
	EndGlobalSection
EndGlobal
