
Microsoft Visual Studio Solution File, Format Version 15.00
# Visual Studio 2017
Project("{FAE04EC0-301F-11D3-BF4B-00C04F79EFBC}") = "MaterialComponents", "MaterialComponents.csproj", "{F888B10B-1D2E-44F5-AAE9-3335566E67A7}"
EndProject
Global
	GlobalSection(SolutionConfigurationPlatforms) = preSolution
		Debug|Any CPU = Debug|Any CPU
		Release|Any CPU = Release|Any CPU
	EndGlobalSection
	GlobalSection(ProjectConfigurationPlatforms) = postSolution
		{F888B10B-1D2E-44F5-AAE9-3335566E67A7}.Debug|Any CPU.ActiveCfg = Debug|Any CPU
		{F888B10B-1D2E-44F5-AAE9-3335566E67A7}.Debug|Any CPU.Build.0 = Debug|Any CPU
		{F888B10B-1D2E-44F5-AAE9-3335566E67A7}.Release|Any CPU.ActiveCfg = Release|Any CPU
		{F888B10B-1D2E-44F5-AAE9-3335566E67A7}.Release|Any CPU.Build.0 = Release|Any CPU
	EndGlobalSection
EndGlobal
